Microsoft Visual Studio Solution File, Format Version 12.00
# Visual Studio Version 17
VisualStudioVersion = 17.5.2.0
MinimumVisualStudioVersion = 10.0.40219.1
Project("{FAE04EC0-301F-11D3-BF4B-00C04F79EFBC}") = "BusinessCore.Api", "BusinessCore.Api\BusinessCore.Api.csproj", "{42FE9DA6-9281-BE11-A325-4509FC994DBA}"
EndProject
Global
	GlobalSection(SolutionConfigurationPlatforms) = preSolution
		Debug|Any CPU = Debug|Any CPU
		Release|Any CPU = Release|Any CPU
	EndGlobalSection
	GlobalSection(ProjectConfigurationPlatforms) = postSolution
		{42FE9DA6-9281-BE11-A325-4509FC994DBA}.Debug|Any CPU.ActiveCfg = Debug|Any CPU
		{42FE9DA6-9281-BE11-A325-4509FC994DBA}.Debug|Any CPU.Build.0 = Debug|Any CPU
		{42FE9DA6-9281-BE11-A325-4509FC994DBA}.Release|Any CPU.ActiveCfg = Release|Any CPU
		{42FE9DA6-9281-BE11-A325-4509FC994DBA}.Release|Any CPU.Build.0 = Release|Any CPU
	EndGlobalSection
	GlobalSection(SolutionProperties) = preSolution
		HideSolutionNode = FALSE
	EndGlobalSection
	GlobalSection(ExtensibilityGlobals) = postSolution
		SolutionGuid = {C1C702B5-C300-4003-B368-51EE06BEE3F7}
	EndGlobalSection
EndGlobal
